{
  "requires": true,
  "lockfileVersion": 1,
  "dependencies": {
    "build-object-better": {
      "version": "0.1.0",
      "resolved": "https://artifactory.nexus.commercehub.com:443/artifactory/api/npm/npm-virtual/build-object-better/-/build-object-better-0.1.0.tgz?dl=https://registry.npmjs.org/build-object-better/-/build-object-better-0.1.0.tgz",
      "integrity": "sha1-xZLSDArKrIA0F+ECwnH27kln7t0="
    }
  }
}
